
Microsoft Visual Studio Solution File, Format Version 12.00
# Visual Studio Version 17
VisualStudioVersion = 17.14.36429.23
MinimumVisualStudioVersion = 10.0.40219.1
Project("{2150E333-8FDC-42A3-9474-1A3956D46DE8}") = "Task0", "Task0", "{02EA681E-C7D8-13C7-8484-4AC65E1B71E8}"
EndProject
Project("{FAE04EC0-301F-11D3-BF4B-00C04F79EFBC}") = "Tyuiu.KalininaMA.Sprint6.Task0.V14.Lib", "Tyuiu.KalininaMA.Sprint6.Task0.V14.Lib\Tyuiu.KalininaMA.Sprint6.Task0.V14.Lib.csproj", "{8448C60F-3B62-488A-8E05-95E836097529}"
EndProject
Project("{FAE04EC0-301F-11D3-BF4B-00C04F79EFBC}") = "Tyuiu.KalininaMA.Sprint6.Task0.V14.Test", "Tyuiu.KalininaMA.Sprint6.Task0.V14.Test\Tyuiu.KalininaMA.Sprint6.Task0.V14.Test.csproj", "{4C05F181-05CA-4205-BA5A-0B677FF665C4}"
EndProject
Project("{FAE04EC0-301F-11D3-BF4B-00C04F79EFBC}") = "Tyuiu.KalininaMA.Sprint6.Task0.V14", "Tyuiu.KalininaMA.Sprint6.Task0.V14\Tyuiu.KalininaMA.Sprint6.Task0.V14.csproj", "{9F797286-1049-4E4A-9DBC-667E4C7CAA6E}"
EndProject
Project("{2150E333-8FDC-42A3-9474-1A3956D46DE8}") = "Task1", "Task1", "{FE3707DF-C6DC-4CD7-96D5-E4E61FB59B97}"
EndProject
Project("{FAE04EC0-301F-11D3-BF4B-00C04F79EFBC}") = "Tyuiu.KalininaMA.Sprint6.Task1.V16", "Tyuiu.KalininaMA.Sprint6.Task1.V16\Tyuiu.KalininaMA.Sprint6.Task1.V16.csproj", "{B1A9866C-794A-4190-AA52-F62C2C3BE87D}"
EndProject
Project("{FAE04EC0-301F-11D3-BF4B-00C04F79EFBC}") = "Tyuiu.KalininaMA.Sprint6.Task1.V16.Lib", "Tyuiu.KalininaMA.Sprint6.Task1.V16.Lib\Tyuiu.KalininaMA.Sprint6.Task1.V16.Lib.csproj", "{1B41F376-FCF4-4785-8D22-3303975F2691}"
EndProject
Project("{FAE04EC0-301F-11D3-BF4B-00C04F79EFBC}") = "Tyuiu.KalininaMA.Sprint6.Task1.V16.Test", "Tyuiu.KalininaMA.Sprint6.Task1.V16.Test\Tyuiu.KalininaMA.Sprint6.Task1.V16.Test.csproj", "{FCEC1B17-92C2-4437-9191-FA49796D92FE}"
EndProject
Project("{2150E333-8FDC-42A3-9474-1A3956D46DE8}") = "Solution Items", "Solution Items", "{005F6DD3-7846-437B-8487-4A4C3113A1DC}"
	ProjectSection(SolutionItems) = preProject
		.editorconfig = .editorconfig
	EndProjectSection
EndProject
Project("{2150E333-8FDC-42A3-9474-1A3956D46DE8}") = "Task2", "Task2", "{BCC4CD53-EE64-45FE-B90B-EEB38D0F3D92}"
EndProject
Project("{FAE04EC0-301F-11D3-BF4B-00C04F79EFBC}") = "Tyuiu.KalininaMA.Sprint6.Task2.V13", "Tyuiu.KalininaMA.Sprint6.Task2.V13\Tyuiu.KalininaMA.Sprint6.Task2.V13.csproj", "{BCA7088C-3E62-42B2-923C-1F50D20602D3}"
EndProject
Project("{FAE04EC0-301F-11D3-BF4B-00C04F79EFBC}") = "Tyuiu.KalininaMA.Sprint6.Task2.V13.Lib", "Tyuiu.KalininaMA.Sprint6.Task2.V13.Lib\Tyuiu.KalininaMA.Sprint6.Task2.V13.Lib.csproj", "{962B1210-0E1E-4E28-9092-B79F7782C025}"
EndProject
Project("{FAE04EC0-301F-11D3-BF4B-00C04F79EFBC}") = "Tyuiu.KalininaMA.Sprint6.Task2.V13.Test", "Tyuiu.KalininaMA.Sprint6.Task2.V13.Test\Tyuiu.KalininaMA.Sprint6.Task2.V13.Test.csproj", "{E58A5525-AE05-4D25-A3C1-DA306DB15EE6}"
EndProject
Project("{2150E333-8FDC-42A3-9474-1A3956D46DE8}") = "Task3", "Task3", "{D40A906D-ADBE-49A2-B9E9-37340B9DC9F2}"
EndProject
Project("{FAE04EC0-301F-11D3-BF4B-00C04F79EFBC}") = "Tyuiu.KalininaMA.Sprint6.Task3.V19", "Tyuiu.KalininaMA.Sprint6.Task3.V19\Tyuiu.KalininaMA.Sprint6.Task3.V19.csproj", "{5945701E-2272-46D8-BFE3-5C8FE5CF47EC}"
EndProject
Project("{FAE04EC0-301F-11D3-BF4B-00C04F79EFBC}") = "Tyuiu.KalininaMA.Sprint6.Task3.V19.Lib", "Tyuiu.KalininaMA.Sprint6.Task3.V19.Lib\Tyuiu.KalininaMA.Sprint6.Task3.V19.Lib.csproj", "{7EB12465-4484-4780-A950-DE107CBC6E61}"
EndProject
Project("{FAE04EC0-301F-11D3-BF4B-00C04F79EFBC}") = "Tyuiu.KalininaMA.Sprint6.Task3.V19.Test", "Tyuiu.KalininaMA.Sprint6.Task3.V19.Test\Tyuiu.KalininaMA.Sprint6.Task3.V19.Test.csproj", "{F2FC82E4-8982-446C-96DB-4650AC45F655}"
EndProject
Project("{2150E333-8FDC-42A3-9474-1A3956D46DE8}") = "Task4", "Task4", "{FB9E250B-480B-4DE4-9444-08D042E47590}"
EndProject
Project("{FAE04EC0-301F-11D3-BF4B-00C04F79EFBC}") = "Tyuiu.KalininaMA.Sprint6.Task4.V23", "Tyuiu.KalininaMA.Sprint6.Task4.V23\Tyuiu.KalininaMA.Sprint6.Task4.V23.csproj", "{B326DDD5-034A-4AC7-BCF0-60FCBB848F1E}"
EndProject
Project("{FAE04EC0-301F-11D3-BF4B-00C04F79EFBC}") = "Tyuiu.KalininaMA.Sprint6.Task4.V23.Lib", "Tyuiu.KalininaMA.Sprint6.Task4.V23.Lib\Tyuiu.KalininaMA.Sprint6.Task4.V23.Lib.csproj", "{71FA0632-3C80-450C-8838-492B9A086FDA}"
EndProject
Project("{FAE04EC0-301F-11D3-BF4B-00C04F79EFBC}") = "Tyuiu.KalininaMA.Sprint6.Task4.V23.Test", "Tyuiu.KalininaMA.Sprint6.Task4.V23.Test\Tyuiu.KalininaMA.Sprint6.Task4.V23.Test.csproj", "{0394EABE-874D-4C68-8901-FE35D021FFB4}"
EndProject
Project("{2150E333-8FDC-42A3-9474-1A3956D46DE8}") = "Task5", "Task5", "{0C53FD6F-A368-4D8B-8EE4-C071CB0B13E9}"
EndProject
Project("{FAE04EC0-301F-11D3-BF4B-00C04F79EFBC}") = "Tyuiu.KalininaMA.Sprint6.Task5.V9", "Tyuiu.KalininaMA.Sprint6.Task5.V9\Tyuiu.KalininaMA.Sprint6.Task5.V9.csproj", "{FB2B36CD-C2E4-4648-82B6-DED244AE74C1}"
EndProject
Project("{FAE04EC0-301F-11D3-BF4B-00C04F79EFBC}") = "Tyuiu.KalininaMA.Sprint6.Task5.V9.Lib", "Tyuiu.KalininaMA.Sprint6.Task5.V9.Lib\Tyuiu.KalininaMA.Sprint6.Task5.V9.Lib.csproj", "{F8603888-35F2-43D2-9F31-18803522D531}"
EndProject
Project("{FAE04EC0-301F-11D3-BF4B-00C04F79EFBC}") = "Tyuiu.KalininaMA.Sprint6.Task5.V9.Test", "Tyuiu.KalininaMA.Sprint6.Task5.V9.Test\Tyuiu.KalininaMA.Sprint6.Task5.V9.Test.csproj", "{9F838251-2141-4BDB-8042-90F0828B70B1}"
EndProject
Project("{2150E333-8FDC-42A3-9474-1A3956D46DE8}") = "Task6", "Task6", "{C79397DF-8B22-45E4-9624-4E6BED56E0B0}"
EndProject
Project("{FAE04EC0-301F-11D3-BF4B-00C04F79EFBC}") = "Tyuiu.KalininaMA.Sprint6.Task6.V8", "Tyuiu.KalininaMA.Sprint6.Task6.V8\Tyuiu.KalininaMA.Sprint6.Task6.V8.csproj", "{D5F86D68-76A4-4B42-8A07-D7A6DA7CDA0F}"
EndProject
Project("{FAE04EC0-301F-11D3-BF4B-00C04F79EFBC}") = "Tyuiu.KalininaMA.Sprint6.Task6.V8.Lib", "Tyuiu.KalininaMA.Sprint6.Task6.V8.Lib\Tyuiu.KalininaMA.Sprint6.Task6.V8.Lib.csproj", "{7F3E8341-D7B5-4BD4-9E1A-4321472A4C0D}"
EndProject
Project("{FAE04EC0-301F-11D3-BF4B-00C04F79EFBC}") = "Tyuiu.KalininaMA.Sprint6.Task6.V8.Test", "Tyuiu.KalininaMA.Sprint6.Task6.V8.Test\Tyuiu.KalininaMA.Sprint6.Task6.V8.Test.csproj", "{082D96A8-7905-43D1-9BC0-5B8D45A2E8B0}"
EndProject
Project("{FAE04EC0-301F-11D3-BF4B-00C04F79EFBC}") = "Tyuiu.KalininaMA.Sprint6.Task7.V11", "Tyuiu.KalininaMA.Sprint6.Task7.V11\Tyuiu.KalininaMA.Sprint6.Task7.V11.csproj", "{F1DDCB88-E47F-40D1-95E0-4284F26E0C2C}"
EndProject
Project("{2150E333-8FDC-42A3-9474-1A3956D46DE8}") = "Task7", "Task7", "{84D93D50-C1CC-4118-B39F-C0B487530950}"
EndProject
Project("{FAE04EC0-301F-11D3-BF4B-00C04F79EFBC}") = "Tyuiu.KalininaMA.Sprint6.Task7.V11.Test", "Tyuiu.KalininaMA.Sprint6.Task7.V11.Test\Tyuiu.KalininaMA.Sprint6.Task7.V11.Test.csproj", "{E1D3A5BD-0B76-404C-BB3F-1E18E8436259}"
EndProject
Project("{FAE04EC0-301F-11D3-BF4B-00C04F79EFBC}") = "Tyuiu.KalininaMA.Sprint6.Task7.V11.Lib", "Tyuiu.KalininaMA.Sprint6.Task7.V11.Lib\Tyuiu.KalininaMA.Sprint6.Task7.V11.Lib.csproj", "{3C080C1F-D179-494A-9F45-27A11AC4F804}"
EndProject
Global
	GlobalSection(SolutionConfigurationPlatforms) = preSolution
		Debug|Any CPU = Debug|Any CPU
		Release|Any CPU = Release|Any CPU
	EndGlobalSection
	GlobalSection(ProjectConfigurationPlatforms) = postSolution
		{8448C60F-3B62-488A-8E05-95E836097529}.Debug|Any CPU.ActiveCfg = Debug|Any CPU
		{8448C60F-3B62-488A-8E05-95E836097529}.Debug|Any CPU.Build.0 = Debug|Any CPU
		{8448C60F-3B62-488A-8E05-95E836097529}.Release|Any CPU.ActiveCfg = Release|Any CPU
		{8448C60F-3B62-488A-8E05-95E836097529}.Release|Any CPU.Build.0 = Release|Any CPU
		{4C05F181-05CA-4205-BA5A-0B677FF665C4}.Debug|Any CPU.ActiveCfg = Debug|Any CPU
		{4C05F181-05CA-4205-BA5A-0B677FF665C4}.Debug|Any CPU.Build.0 = Debug|Any CPU
		{4C05F181-05CA-4205-BA5A-0B677FF665C4}.Release|Any CPU.ActiveCfg = Release|Any CPU
		{4C05F181-05CA-4205-BA5A-0B677FF665C4}.Release|Any CPU.Build.0 = Release|Any CPU
		{9F797286-1049-4E4A-9DBC-667E4C7CAA6E}.Debug|Any CPU.ActiveCfg = Debug|Any CPU
		{9F797286-1049-4E4A-9DBC-667E4C7CAA6E}.Debug|Any CPU.Build.0 = Debug|Any CPU
		{9F797286-1049-4E4A-9DBC-667E4C7CAA6E}.Release|Any CPU.ActiveCfg = Release|Any CPU
		{9F797286-1049-4E4A-9DBC-667E4C7CAA6E}.Release|Any CPU.Build.0 = Release|Any CPU
		{B1A9866C-794A-4190-AA52-F62C2C3BE87D}.Debug|Any CPU.ActiveCfg = Debug|Any CPU
		{B1A9866C-794A-4190-AA52-F62C2C3BE87D}.Debug|Any CPU.Build.0 = Debug|Any CPU
		{B1A9866C-794A-4190-AA52-F62C2C3BE87D}.Release|Any CPU.ActiveCfg = Release|Any CPU
		{B1A9866C-794A-4190-AA52-F62C2C3BE87D}.Release|Any CPU.Build.0 = Release|Any CPU
		{1B41F376-FCF4-4785-8D22-3303975F2691}.Debug|Any CPU.ActiveCfg = Debug|Any CPU
		{1B41F376-FCF4-4785-8D22-3303975F2691}.Debug|Any CPU.Build.0 = Debug|Any CPU
		{1B41F376-FCF4-4785-8D22-3303975F2691}.Release|Any CPU.ActiveCfg = Release|Any CPU
		{1B41F376-FCF4-4785-8D22-3303975F2691}.Release|Any CPU.Build.0 = Release|Any CPU
		{FCEC1B17-92C2-4437-9191-FA49796D92FE}.Debug|Any CPU.ActiveCfg = Debug|Any CPU
		{FCEC1B17-92C2-4437-9191-FA49796D92FE}.Debug|Any CPU.Build.0 = Debug|Any CPU
		{FCEC1B17-92C2-4437-9191-FA49796D92FE}.Release|Any CPU.ActiveCfg = Release|Any CPU
		{FCEC1B17-92C2-4437-9191-FA49796D92FE}.Release|Any CPU.Build.0 = Release|Any CPU
		{BCA7088C-3E62-42B2-923C-1F50D20602D3}.Debug|Any CPU.ActiveCfg = Debug|Any CPU
		{BCA7088C-3E62-42B2-923C-1F50D20602D3}.Debug|Any CPU.Build.0 = Debug|Any CPU
		{BCA7088C-3E62-42B2-923C-1F50D20602D3}.Release|Any CPU.ActiveCfg = Release|Any CPU
		{BCA7088C-3E62-42B2-923C-1F50D20602D3}.Release|Any CPU.Build.0 = Release|Any CPU
		{962B1210-0E1E-4E28-9092-B79F7782C025}.Debug|Any CPU.ActiveCfg = Debug|Any CPU
		{962B1210-0E1E-4E28-9092-B79F7782C025}.Debug|Any CPU.Build.0 = Debug|Any CPU
		{962B1210-0E1E-4E28-9092-B79F7782C025}.Release|Any CPU.ActiveCfg = Release|Any CPU
		{962B1210-0E1E-4E28-9092-B79F7782C025}.Release|Any CPU.Build.0 = Release|Any CPU
		{E58A5525-AE05-4D25-A3C1-DA306DB15EE6}.Debug|Any CPU.ActiveCfg = Debug|Any CPU
		{E58A5525-AE05-4D25-A3C1-DA306DB15EE6}.Debug|Any CPU.Build.0 = Debug|Any CPU
		{E58A5525-AE05-4D25-A3C1-DA306DB15EE6}.Release|Any CPU.ActiveCfg = Release|Any CPU
		{E58A5525-AE05-4D25-A3C1-DA306DB15EE6}.Release|Any CPU.Build.0 = Release|Any CPU
		{5945701E-2272-46D8-BFE3-5C8FE5CF47EC}.Debug|Any CPU.ActiveCfg = Debug|Any CPU
		{5945701E-2272-46D8-BFE3-5C8FE5CF47EC}.Debug|Any CPU.Build.0 = Debug|Any CPU
		{5945701E-2272-46D8-BFE3-5C8FE5CF47EC}.Release|Any CPU.ActiveCfg = Release|Any CPU
		{5945701E-2272-46D8-BFE3-5C8FE5CF47EC}.Release|Any CPU.Build.0 = Release|Any CPU
		{7EB12465-4484-4780-A950-DE107CBC6E61}.Debug|Any CPU.ActiveCfg = Debug|Any CPU
		{7EB12465-4484-4780-A950-DE107CBC6E61}.Debug|Any CPU.Build.0 = Debug|Any CPU
		{7EB12465-4484-4780-A950-DE107CBC6E61}.Release|Any CPU.ActiveCfg = Release|Any CPU
		{7EB12465-4484-4780-A950-DE107CBC6E61}.Release|Any CPU.Build.0 = Release|Any CPU
		{F2FC82E4-8982-446C-96DB-4650AC45F655}.Debug|Any CPU.ActiveCfg = Debug|Any CPU
		{F2FC82E4-8982-446C-96DB-4650AC45F655}.Debug|Any CPU.Build.0 = Debug|Any CPU
		{F2FC82E4-8982-446C-96DB-4650AC45F655}.Release|Any CPU.ActiveCfg = Release|Any CPU
		{F2FC82E4-8982-446C-96DB-4650AC45F655}.Release|Any CPU.Build.0 = Release|Any CPU
		{B326DDD5-034A-4AC7-BCF0-60FCBB848F1E}.Debug|Any CPU.ActiveCfg = Debug|Any CPU
		{B326DDD5-034A-4AC7-BCF0-60FCBB848F1E}.Debug|Any CPU.Build.0 = Debug|Any CPU
		{B326DDD5-034A-4AC7-BCF0-60FCBB848F1E}.Release|Any CPU.ActiveCfg = Release|Any CPU
		{B326DDD5-034A-4AC7-BCF0-60FCBB848F1E}.Release|Any CPU.Build.0 = Release|Any CPU
		{71FA0632-3C80-450C-8838-492B9A086FDA}.Debug|Any CPU.ActiveCfg = Debug|Any CPU
		{71FA0632-3C80-450C-8838-492B9A086FDA}.Debug|Any CPU.Build.0 = Debug|Any CPU
		{71FA0632-3C80-450C-8838-492B9A086FDA}.Release|Any CPU.ActiveCfg = Release|Any CPU
		{71FA0632-3C80-450C-8838-492B9A086FDA}.Release|Any CPU.Build.0 = Release|Any CPU
		{0394EABE-874D-4C68-8901-FE35D021FFB4}.Debug|Any CPU.ActiveCfg = Debug|Any CPU
		{0394EABE-874D-4C68-8901-FE35D021FFB4}.Debug|Any CPU.Build.0 = Debug|Any CPU
		{0394EABE-874D-4C68-8901-FE35D021FFB4}.Release|Any CPU.ActiveCfg = Release|Any CPU
		{0394EABE-874D-4C68-8901-FE35D021FFB4}.Release|Any CPU.Build.0 = Release|Any CPU
		{FB2B36CD-C2E4-4648-82B6-DED244AE74C1}.Debug|Any CPU.ActiveCfg = Debug|Any CPU
		{FB2B36CD-C2E4-4648-82B6-DED244AE74C1}.Debug|Any CPU.Build.0 = Debug|Any CPU
		{FB2B36CD-C2E4-4648-82B6-DED244AE74C1}.Release|Any CPU.ActiveCfg = Release|Any CPU
		{FB2B36CD-C2E4-4648-82B6-DED244AE74C1}.Release|Any CPU.Build.0 = Release|Any CPU
		{F8603888-35F2-43D2-9F31-18803522D531}.Debug|Any CPU.ActiveCfg = Debug|Any CPU
		{F8603888-35F2-43D2-9F31-18803522D531}.Debug|Any CPU.Build.0 = Debug|Any CPU
		{F8603888-35F2-43D2-9F31-18803522D531}.Release|Any CPU.ActiveCfg = Release|Any CPU
		{F8603888-35F2-43D2-9F31-18803522D531}.Release|Any CPU.Build.0 = Release|Any CPU
		{9F838251-2141-4BDB-8042-90F0828B70B1}.Debug|Any CPU.ActiveCfg = Debug|Any CPU
		{9F838251-2141-4BDB-8042-90F0828B70B1}.Debug|Any CPU.Build.0 = Debug|Any CPU
		{9F838251-2141-4BDB-8042-90F0828B70B1}.Release|Any CPU.ActiveCfg = Release|Any CPU
		{9F838251-2141-4BDB-8042-90F0828B70B1}.Release|Any CPU.Build.0 = Release|Any CPU
		{D5F86D68-76A4-4B42-8A07-D7A6DA7CDA0F}.Debug|Any CPU.ActiveCfg = Debug|Any CPU
		{D5F86D68-76A4-4B42-8A07-D7A6DA7CDA0F}.Debug|Any CPU.Build.0 = Debug|Any CPU
		{D5F86D68-76A4-4B42-8A07-D7A6DA7CDA0F}.Release|Any CPU.ActiveCfg = Release|Any CPU
		{D5F86D68-76A4-4B42-8A07-D7A6DA7CDA0F}.Release|Any CPU.Build.0 = Release|Any CPU
		{7F3E8341-D7B5-4BD4-9E1A-4321472A4C0D}.Debug|Any CPU.ActiveCfg = Debug|Any CPU
		{7F3E8341-D7B5-4BD4-9E1A-4321472A4C0D}.Debug|Any CPU.Build.0 = Debug|Any CPU
		{7F3E8341-D7B5-4BD4-9E1A-4321472A4C0D}.Release|Any CPU.ActiveCfg = Release|Any CPU
		{7F3E8341-D7B5-4BD4-9E1A-4321472A4C0D}.Release|Any CPU.Build.0 = Release|Any CPU
		{082D96A8-7905-43D1-9BC0-5B8D45A2E8B0}.Debug|Any CPU.ActiveCfg = Debug|Any CPU
		{082D96A8-7905-43D1-9BC0-5B8D45A2E8B0}.Debug|Any CPU.Build.0 = Debug|Any CPU
		{082D96A8-7905-43D1-9BC0-5B8D45A2E8B0}.Release|Any CPU.ActiveCfg = Release|Any CPU
		{082D96A8-7905-43D1-9BC0-5B8D45A2E8B0}.Release|Any CPU.Build.0 = Release|Any CPU
		{F1DDCB88-E47F-40D1-95E0-4284F26E0C2C}.Debug|Any CPU.ActiveCfg = Debug|Any CPU
		{F1DDCB88-E47F-40D1-95E0-4284F26E0C2C}.Debug|Any CPU.Build.0 = Debug|Any CPU
		{F1DDCB88-E47F-40D1-95E0-4284F26E0C2C}.Release|Any CPU.ActiveCfg = Release|Any CPU
		{F1DDCB88-E47F-40D1-95E0-4284F26E0C2C}.Release|Any CPU.Build.0 = Release|Any CPU
		{E1D3A5BD-0B76-404C-BB3F-1E18E8436259}.Debug|Any CPU.ActiveCfg = Debug|Any CPU
		{E1D3A5BD-0B76-404C-BB3F-1E18E8436259}.Debug|Any CPU.Build.0 = Debug|Any CPU
		{E1D3A5BD-0B76-404C-BB3F-1E18E8436259}.Release|Any CPU.ActiveCfg = Release|Any CPU
		{E1D3A5BD-0B76-404C-BB3F-1E18E8436259}.Release|Any CPU.Build.0 = Release|Any CPU
		{3C080C1F-D179-494A-9F45-27A11AC4F804}.Debug|Any CPU.ActiveCfg = Debug|Any CPU
		{3C080C1F-D179-494A-9F45-27A11AC4F804}.Debug|Any CPU.Build.0 = Debug|Any CPU
		{3C080C1F-D179-494A-9F45-27A11AC4F804}.Release|Any CPU.ActiveCfg = Release|Any CPU
		{3C080C1F-D179-494A-9F45-27A11AC4F804}.Release|Any CPU.Build.0 = Release|Any CPU
	EndGlobalSection
	GlobalSection(SolutionProperties) = preSolution
		HideSolutionNode = FALSE
	EndGlobalSection
	GlobalSection(NestedProjects) = preSolution
		{8448C60F-3B62-488A-8E05-95E836097529} = {02EA681E-C7D8-13C7-8484-4AC65E1B71E8}
		{4C05F181-05CA-4205-BA5A-0B677FF665C4} = {02EA681E-C7D8-13C7-8484-4AC65E1B71E8}
		{9F797286-1049-4E4A-9DBC-667E4C7CAA6E} = {02EA681E-C7D8-13C7-8484-4AC65E1B71E8}
		{B1A9866C-794A-4190-AA52-F62C2C3BE87D} = {FE3707DF-C6DC-4CD7-96D5-E4E61FB59B97}
		{1B41F376-FCF4-4785-8D22-3303975F2691} = {FE3707DF-C6DC-4CD7-96D5-E4E61FB59B97}
		{FCEC1B17-92C2-4437-9191-FA49796D92FE} = {FE3707DF-C6DC-4CD7-96D5-E4E61FB59B97}
		{BCA7088C-3E62-42B2-923C-1F50D20602D3} = {BCC4CD53-EE64-45FE-B90B-EEB38D0F3D92}
		{962B1210-0E1E-4E28-9092-B79F7782C025} = {BCC4CD53-EE64-45FE-B90B-EEB38D0F3D92}
		{E58A5525-AE05-4D25-A3C1-DA306DB15EE6} = {BCC4CD53-EE64-45FE-B90B-EEB38D0F3D92}
		{5945701E-2272-46D8-BFE3-5C8FE5CF47EC} = {D40A906D-ADBE-49A2-B9E9-37340B9DC9F2}
		{7EB12465-4484-4780-A950-DE107CBC6E61} = {D40A906D-ADBE-49A2-B9E9-37340B9DC9F2}
		{F2FC82E4-8982-446C-96DB-4650AC45F655} = {D40A906D-ADBE-49A2-B9E9-37340B9DC9F2}
		{B326DDD5-034A-4AC7-BCF0-60FCBB848F1E} = {FB9E250B-480B-4DE4-9444-08D042E47590}
		{71FA0632-3C80-450C-8838-492B9A086FDA} = {FB9E250B-480B-4DE4-9444-08D042E47590}
		{0394EABE-874D-4C68-8901-FE35D021FFB4} = {FB9E250B-480B-4DE4-9444-08D042E47590}
		{FB2B36CD-C2E4-4648-82B6-DED244AE74C1} = {0C53FD6F-A368-4D8B-8EE4-C071CB0B13E9}
		{F8603888-35F2-43D2-9F31-18803522D531} = {0C53FD6F-A368-4D8B-8EE4-C071CB0B13E9}
		{9F838251-2141-4BDB-8042-90F0828B70B1} = {0C53FD6F-A368-4D8B-8EE4-C071CB0B13E9}
		{D5F86D68-76A4-4B42-8A07-D7A6DA7CDA0F} = {C79397DF-8B22-45E4-9624-4E6BED56E0B0}
		{7F3E8341-D7B5-4BD4-9E1A-4321472A4C0D} = {C79397DF-8B22-45E4-9624-4E6BED56E0B0}
		{082D96A8-7905-43D1-9BC0-5B8D45A2E8B0} = {C79397DF-8B22-45E4-9624-4E6BED56E0B0}
		{F1DDCB88-E47F-40D1-95E0-4284F26E0C2C} = {84D93D50-C1CC-4118-B39F-C0B487530950}
		{E1D3A5BD-0B76-404C-BB3F-1E18E8436259} = {84D93D50-C1CC-4118-B39F-C0B487530950}
		{3C080C1F-D179-494A-9F45-27A11AC4F804} = {84D93D50-C1CC-4118-B39F-C0B487530950}
	EndGlobalSection
	GlobalSection(ExtensibilityGlobals) = postSolution
		SolutionGuid = {5164E7C0-5425-45A4-9413-20AEA62D5EE9}
	EndGlobalSection
EndGlobal
